// !$*UTF8*$!
{
	archiveVersion = 1;
	classes = {
	};
	objectVersion = 50;
	objects = {

/* Begin PBXBuildFile section */
		E30DE3882347EFAB00567F40 /* colorsController.swift in Sources */ = {isa = PBXBuildFile; fileRef = E30DE3872347EFAB00567F40 /* colorsController.swift */; };
		E34A47922344CD4F00F2C37B /* AppDelegate.swift in Sources */ = {isa = PBXBuildFile; fileRef = E34A47912344CD4F00F2C37B /* AppDelegate.swift */; };
		E34A47942344CD4F00F2C37B /* SceneDelegate.swift in Sources */ = {isa = PBXBuildFile; fileRef = E34A47932344CD4F00F2C37B /* SceneDelegate.swift */; };
		E34A47992344CD4F00F2C37B /* Main.storyboard in Resources */ = {isa = PBXBuildFile; fileRef = E34A47972344CD4F00F2C37B /* Main.storyboard */; };
		E34A479C2344CD4F00F2C37B /* Colors.xcdatamodeld in Sources */ = {isa = PBXBuildFile; fileRef = E34A479A2344CD4F00F2C37B /* Colors.xcdatamodeld */; };
		E34A479E2344CD5000F2C37B /* Assets.xcassets in Resources */ = {isa = PBXBuildFile; fileRef = E34A479D2344CD5000F2C37B /* Assets.xcassets */; };
		E34A47A12344CD5000F2C37B /* LaunchScreen.storyboard in Resources */ = {isa = PBXBuildFile; fileRef = E34A479F2344CD5000F2C37B /* LaunchScreen.storyboard */; };
		E34A47AC2344CD5000F2C37B /* ColorsUITests.swift in Sources */ = {isa = PBXBuildFile; fileRef = E34A47AB2344CD5000F2C37B /* ColorsUITests.swift */; };
		E382D4922363ED2500DC8C80 /* Color.swift in Sources */ = {isa = PBXBuildFile; fileRef = E382D4912363ED2500DC8C80 /* Color.swift */; };
		E382D4942363EF7B00DC8C80 /* ColorDetailViewController.swift in Sources */ = {isa = PBXBuildFile; fileRef = E382D4932363EF7B00DC8C80 /* ColorDetailViewController.swift */; };
/* End PBXBuildFile section */

/* Begin PBXContainerItemProxy section */
		E34A47A82344CD5000F2C37B /* PBXContainerItemProxy */ = {
			isa = PBXContainerItemProxy;
			containerPortal = E34A47862344CD4F00F2C37B /* Project object */;
			proxyType = 1;
			remoteGlobalIDString = E34A478D2344CD4F00F2C37B;
			remoteInfo = Colors;
		};
/* End PBXContainerItemProxy section */

/* Begin PBXFileReference section */
		E30DE3872347EFAB00567F40 /* colorsController.swift */ = {isa = PBXFileReference; lastKnownFileType = sourcecode.swift; path = colorsController.swift; sourceTree = "<group>"; };
		E34A478E2344CD4F00F2C37B /* Colors.app */ = {isa = PBXFileReference; explicitFileType = wrapper.application; includeInIndex = 0; path = Colors.app; sourceTree = BUILT_PRODUCTS_DIR; };
		E34A47912344CD4F00F2C37B /* AppDelegate.swift */ = {isa = PBXFileReference; lastKnownFileType = sourcecode.swift; path = AppDelegate.swift; sourceTree = "<group>"; };
		E34A47932344CD4F00F2C37B /* SceneDelegate.swift */ = {isa = PBXFileReference; lastKnownFileType = sourcecode.swift; path = SceneDelegate.swift; sourceTree = "<group>"; };
		E34A47982344CD4F00F2C37B /* Base */ = {isa = PBXFileReference; lastKnownFileType = file.storyboard; name = Base; path = Base.lproj/Main.storyboard; sourceTree = "<group>"; };
		E34A479B2344CD4F00F2C37B /* Colors.xcdatamodel */ = {isa = PBXFileReference; lastKnownFileType = wrapper.xcdatamodel; path = Colors.xcdatamodel; sourceTree = "<group>"; };
		E34A479D2344CD5000F2C37B /* Assets.xcassets */ = {isa = PBXFileReference; lastKnownFileType = folder.assetcatalog; path = Assets.xcassets; sourceTree = "<group>"; };
		E34A47A02344CD5000F2C37B /* Base */ = {isa = PBXFileReference; lastKnownFileType = file.storyboard; name = Base; path = Base.lproj/LaunchScreen.storyboard; sourceTree = "<group>"; };
		E34A47A22344CD5000F2C37B /* Info.plist */ = {isa = PBXFileReference; lastKnownFileType = text.plist.xml; path = Info.plist; sourceTree = "<group>"; };
		E34A47A72344CD5000F2C37B /* ColorsUITests.xctest */ = {isa = PBXFileReference; explicitFileType = wrapper.cfbundle; includeInIndex = 0; path = ColorsUITests.xctest; sourceTree = BUILT_PRODUCTS_DIR; };
		E34A47AB2344CD5000F2C37B /* ColorsUITests.swift */ = {isa = PBXFileReference; lastKnownFileType = sourcecode.swift; path = ColorsUITests.swift; sourceTree = "<group>"; };
		E34A47AD2344CD5000F2C37B /* Info.plist */ = {isa = PBXFileReference; lastKnownFileType = text.plist.xml; path = Info.plist; sourceTree = "<group>"; };
		E382D4912363ED2500DC8C80 /* Color.swift */ = {isa = PBXFileReference; lastKnownFileType = sourcecode.swift; path = Color.swift; sourceTree = "<group>"; };
		E382D4932363EF7B00DC8C80 /* ColorDetailViewController.swift */ = {isa = PBXFileReference; lastKnownFileType = sourcecode.swift; path = ColorDetailViewController.swift; sourceTree = "<group>"; };
/* End PBXFileReference section */

/* Begin PBXFrameworksBuildPhase section */
		E34A478B2344CD4F00F2C37B /* Frameworks */ = {
			isa = PBXFrameworksBuildPhase;
			buildActionMask = 2147483647;
			files = (
			);
			runOnlyForDeploymentPostprocessing = 0;
		};
		E34A47A42344CD5000F2C37B /* Frameworks */ = {
			isa = PBXFrameworksBuildPhase;
			buildActionMask = 2147483647;
			files = (
			);
			runOnlyForDeploymentPostprocessing = 0;
		};
/* End PBXFrameworksBuildPhase section */

/* Begin PBXGroup section */
		E34A47852344CD4F00F2C37B = {
			isa = PBXGroup;
			children = (
				E34A47902344CD4F00F2C37B /* Colors */,
				E34A47AA2344CD5000F2C37B /* ColorsUITests */,
				E34A478F2344CD4F00F2C37B /* Products */,
			);
			sourceTree = "<group>";
		};
		E34A478F2344CD4F00F2C37B /* Products */ = {
			isa = PBXGroup;
			children = (
				E34A478E2344CD4F00F2C37B /* Colors.app */,
				E34A47A72344CD5000F2C37B /* ColorsUITests.xctest */,
			);
			name = Products;
			sourceTree = "<group>";
		};
		E34A47902344CD4F00F2C37B /* Colors */ = {
			isa = PBXGroup;
			children = (
				E34A47912344CD4F00F2C37B /* AppDelegate.swift */,
				E34A47932344CD4F00F2C37B /* SceneDelegate.swift */,
				E34A47972344CD4F00F2C37B /* Main.storyboard */,
				E30DE3872347EFAB00567F40 /* colorsController.swift */,
				E34A479D2344CD5000F2C37B /* Assets.xcassets */,
				E34A479F2344CD5000F2C37B /* LaunchScreen.storyboard */,
				E34A47A22344CD5000F2C37B /* Info.plist */,
				E34A479A2344CD4F00F2C37B /* Colors.xcdatamodeld */,
				E382D4912363ED2500DC8C80 /* Color.swift */,
				E382D4932363EF7B00DC8C80 /* ColorDetailViewController.swift */,
			);
			path = Colors;
			sourceTree = "<group>";
		};
		E34A47AA2344CD5000F2C37B /* ColorsUITests */ = {
			isa = PBXGroup;
			children = (
				E34A47AB2344CD5000F2C37B /* ColorsUITests.swift */,
				E34A47AD2344CD5000F2C37B /* Info.plist */,
			);
			path = ColorsUITests;
			sourceTree = "<group>";
		};
/* End PBXGroup section */

/* Begin PBXNativeTarget section */
		E34A478D2344CD4F00F2C37B /* Colors */ = {
			isa = PBXNativeTarget;
			buildConfigurationList = E34A47B02344CD5000F2C37B /* Build configuration list for PBXNativeTarget "Colors" */;
			buildPhases = (
				E34A478A2344CD4F00F2C37B /* Sources */,
				E34A478B2344CD4F00F2C37B /* Frameworks */,
				E34A478C2344CD4F00F2C37B /* Resources */,
			);
			buildRules = (
			);
			dependencies = (
			);
			name = Colors;
			productName = Colors;
			productReference = E34A478E2344CD4F00F2C37B /* Colors.app */;
			productType = "com.apple.product-type.application";
		};
		E34A47A62344CD5000F2C37B /* ColorsUITests */ = {
			isa = PBXNativeTarget;
			buildConfigurationList = E34A47B32344CD5000F2C37B /* Build configuration list for PBXNativeTarget "ColorsUITests" */;
			buildPhases = (
				E34A47A32344CD5000F2C37B /* Sources */,
				E34A47A42344CD5000F2C37B /* Frameworks */,
				E34A47A52344CD5000F2C37B /* Resources */,
			);
			buildRules = (
			);
			dependencies = (
				E34A47A92344CD5000F2C37B /* PBXTargetDependency */,
			);
			name = ColorsUITests;
			productName = ColorsUITests;
			productReference = E34A47A72344CD5000F2C37B /* ColorsUITests.xctest */;
			productType = "com.apple.product-type.bundle.ui-testing";
		};
/* End PBXNativeTarget section */

/* Begin PBXProject section */
		E34A47862344CD4F00F2C37B /* Project object */ = {
			isa = PBXProject;
			attributes = {
				LastSwiftUpdateCheck = 1100;
				LastUpgradeCheck = 1100;
				ORGANIZATIONNAME = Mizzou;
				TargetAttributes = {
					E34A478D2344CD4F00F2C37B = {
						CreatedOnToolsVersion = 11.0;
					};
					E34A47A62344CD5000F2C37B = {
						CreatedOnToolsVersion = 11.0;
						TestTargetID = E34A478D2344CD4F00F2C37B;
					};
				};
			};
			buildConfigurationList = E34A47892344CD4F00F2C37B /* Build configuration list for PBXProject "Colors" */;
			compatibilityVersion = "Xcode 9.3";
			developmentRegion = en;
			hasScannedForEncodings = 0;
			knownRegions = (
				en,
				Base,
			);
			mainGroup = E34A47852344CD4F00F2C37B;
			productRefGroup = E34A478F2344CD4F00F2C37B /* Products */;
			projectDirPath = "";
			projectRoot = "";
			targets = (
				E34A478D2344CD4F00F2C37B /* Colors */,
				E34A47A62344CD5000F2C37B /* ColorsUITests */,
			);
		};
/* End PBXProject section */

/* Begin PBXResourcesBuildPhase section */
		E34A478C2344CD4F00F2C37B /* Resources */ = {
			isa = PBXResourcesBuildPhase;
			buildActionMask = 2147483647;
			files = (
				E34A47A12344CD5000F2C37B /* LaunchScreen.storyboard in Resources */,
				E34A479E2344CD5000F2C37B /* Assets.xcassets in Resources */,
				E34A47992344CD4F00F2C37B /* Main.storyboard in Resources */,
			);
			runOnlyForDeploymentPostprocessing = 0;
		};
		E34A47A52344CD5000F2C37B /* Resources */ = {
			isa = PBXResourcesBuildPhase;
			buildActionMask = 2147483647;
			files = (
			);
			runOnlyForDeploymentPostprocessing = 0;
		};
/* End PBXResourcesBuildPhase section */

/* Begin PBXSourcesBuildPhase section */
		E34A478A2344CD4F00F2C37B /* Sources */ = {
			isa = PBXSourcesBuildPhase;
			buildActionMask = 2147483647;
			files = (
				E34A479C2344CD4F00F2C37B /* Colors.xcdatamodeld in Sources */,
				E34A47922344CD4F00F2C37B /* AppDelegate.swift in Sources */,
				E34A47942344CD4F00F2C37B /* SceneDelegate.swift in Sources */,
				E382D4942363EF7B00DC8C80 /* ColorDetailViewController.swift in Sources */,
				E382D4922363ED2500DC8C80 /* Color.swift in Sources */,
				E30DE3882347EFAB00567F40 /* colorsController.swift in Sources */,
			);
			runOnlyForDeploymentPostprocessing = 0;
		};
		E34A47A32344CD5000F2C37B /* Sources */ = {
			isa = PBXSourcesBuildPhase;
			buildActionMask = 2147483647;
			files = (
				E34A47AC2344CD5000F2C37B /* ColorsUITests.swift in Sources */,
			);
			runOnlyForDeploymentPostprocessing = 0;
		};
/* End PBXSourcesBuildPhase section */

/* Begin PBXTargetDependency section */
		E34A47A92344CD5000F2C37B /* PBXTargetDependency */ = {
			isa = PBXTargetDependency;
			target = E34A478D2344CD4F00F2C37B /* Colors */;
			targetProxy = E34A47A82344CD5000F2C37B /* PBXContainerItemProxy */;
		};
/* End PBXTargetDependency section */

/* Begin PBXVariantGroup section */
		E34A47972344CD4F00F2C37B /* Main.storyboard */ = {
			isa = PBXVariantGroup;
			children = (
				E34A47982344CD4F00F2C37B /* Base */,
			);
			name = Main.storyboard;
			sourceTree = "<group>";
		};
		E34A479F2344CD5000F2C37B /* LaunchScreen.storyboard */ = {
			isa = PBXVariantGroup;
			children = (
				E34A47A02344CD5000F2C37B /* Base */,
			);
			name = LaunchScreen.storyboard;
			sourceTree = "<group>";
		};
/* End PBXVariantGroup section */

/* Begin XCBuildConfiguration section */
		E34A47AE2344CD5000F2C37B /* Debug */ = {
			isa = XCBuildConfiguration;
			buildSettings = {
				ALWAYS_SEARCH_USER_PATHS = NO;
				CLANG_ANALYZER_NONNULL = YES;
				CLANG_ANALYZER_NUMBER_OBJECT_CONVERSION = YES_AGGRESSIVE;
				CLANG_CXX_LANGUAGE_STANDARD = "gnu++14";
				CLANG_CXX_LIBRARY = "libc++";
				CLANG_ENABLE_MODULES = YES;
				CLANG_ENABLE_OBJC_ARC = YES;
				CLANG_ENABLE_OBJC_WEAK = YES;
				CLANG_WARN_BLOCK_CAPTURE_AUTORELEASING = YES;
				CLANG_WARN_BOOL_CONVERSION = YES;
				CLANG_WARN_COMMA = YES;
				CLANG_WARN_CONSTANT_CONVERSION = YES;
				CLANG_WARN_DEPRECATED_OBJC_IMPLEMENTATIONS = YES;
				CLANG_WARN_DIRECT_OBJC_ISA_USAGE = YES_ERROR;
				CLANG_WARN_DOCUMENTATION_COMMENTS = YES;
				CLANG_WARN_EMPTY_BODY = YES;
				CLANG_WARN_ENUM_CONVERSION = YES;
				CLANG_WARN_INFINITE_RECURSION = YES;
				CLANG_WARN_INT_CONVERSION = YES;
				CLANG_WARN_NON_LITERAL_NULL_CONVERSION = YES;
				CLANG_WARN_OBJC_IMPLICIT_RETAIN_SELF = YES;
				CLANG_WARN_OBJC_LITERAL_CONVERSION = YES;
				CLANG_WARN_OBJC_ROOT_CLASS = YES_ERROR;
				CLANG_WARN_RANGE_LOOP_ANALYSIS = YES;
				CLANG_WARN_STRICT_PROTOTYPES = YES;
				CLANG_WARN_SUSPICIOUS_MOVE = YES;
				CLANG_WARN_UNGUARDED_AVAILABILITY = YES_AGGRESSIVE;
				CLANG_WARN_UNREACHABLE_CODE = YES;
				CLANG_WARN__DUPLICATE_METHOD_MATCH = YES;
				COPY_PHASE_STRIP = NO;
				DEBUG_INFORMATION_FORMAT = dwarf;
				ENABLE_STRICT_OBJC_MSGSEND = YES;
				ENABLE_TESTABILITY = YES;
				GCC_C_LANGUAGE_STANDARD = gnu11;
				GCC_DYNAMIC_NO_PIC = NO;
				GCC_NO_COMMON_BLOCKS = YES;
				GCC_OPTIMIZATION_LEVEL = 0;
				GCC_PREPROCESSOR_DEFINITIONS = (
					"DEBUG=1",
					"$(inherited)",
				);
				GCC_WARN_64_TO_32_BIT_CONVERSION = YES;
				GCC_WARN_ABOUT_RETURN_TYPE = YES_ERROR;
				GCC_WARN_UNDECLARED_SELECTOR = YES;
				GCC_WARN_UNINITIALIZED_AUTOS = YES_AGGRESSIVE;
				GCC_WARN_UNUSED_FUNCTION = YES;
				GCC_WARN_UNUSED_VARIABLE = YES;
				IPHONEOS_DEPLOYMENT_TARGET = 13.0;
				MTL_ENABLE_DEBUG_INFO = INCLUDE_SOURCE;
				MTL_FAST_MATH = YES;
				ONLY_ACTIVE_ARCH = YES;
				SDKROOT = iphoneos;
				SWIFT_ACTIVE_COMPILATION_CONDITIONS = DEBUG;
				SWIFT_OPTIMIZATION_LEVEL = "-Onone";
			};
			name = Debug;
		};
		E34A47AF2344CD5000F2C37B /* Release */ = {
			isa = XCBuildConfiguration;
			buildSettings = {
				ALWAYS_SEARCH_USER_PATHS = NO;
				CLANG_ANALYZER_NONNULL = YES;
				CLANG_ANALYZER_NUMBER_OBJECT_CONVERSION = YES_AGGRESSIVE;
				CLANG_CXX_LANGUAGE_STANDARD = "gnu++14";
				CLANG_CXX_LIBRARY = "libc++";
				CLANG_ENABLE_MODULES = YES;
				CLANG_ENABLE_OBJC_ARC = YES;
				CLANG_ENABLE_OBJC_WEAK = YES;
				CLANG_WARN_BLOCK_CAPTURE_AUTORELEASING = YES;
				CLANG_WARN_BOOL_CONVERSION = YES;
				CLANG_WARN_COMMA = YES;
				CLANG_WARN_CONSTANT_CONVERSION = YES;
				CLANG_WARN_DEPRECATED_OBJC_IMPLEMENTATIONS = YES;
				CLANG_WARN_DIRECT_OBJC_ISA_USAGE = YES_ERROR;
				CLANG_WARN_DOCUMENTATION_COMMENTS = YES;
				CLANG_WARN_EMPTY_BODY = YES;
				CLANG_WARN_ENUM_CONVERSION = YES;
				CLANG_WARN_INFINITE_RECURSION = YES;
				CLANG_WARN_INT_CONVERSION = YES;
				CLANG_WARN_NON_LITERAL_NULL_CONVERSION = YES;
				CLANG_WARN_OBJC_IMPLICIT_RETAIN_SELF = YES;
				CLANG_WARN_OBJC_LITERAL_CONVERSION = YES;
				CLANG_WARN_OBJC_ROOT_CLASS = YES_ERROR;
				CLANG_WARN_RANGE_LOOP_ANALYSIS = YES;
				CLANG_WARN_STRICT_PROTOTYPES = YES;
				CLANG_WARN_SUSPICIOUS_MOVE = YES;
				CLANG_WARN_UNGUARDED_AVAILABILITY = YES_AGGRESSIVE;
				CLANG_WARN_UNREACHABLE_CODE = YES;
				CLANG_WARN__DUPLICATE_METHOD_MATCH = YES;
				COPY_PHASE_STRIP = NO;
				DEBUG_INFORMATION_FORMAT = "dwarf-with-dsym";
				ENABLE_NS_ASSERTIONS = NO;
				ENABLE_STRICT_OBJC_MSGSEND = YES;
				GCC_C_LANGUAGE_STANDARD = gnu11;
				GCC_NO_COMMON_BLOCKS = YES;
				GCC_WARN_64_TO_32_BIT_CONVERSION = YES;
				GCC_WARN_ABOUT_RETURN_TYPE = YES_ERROR;
				GCC_WARN_UNDECLARED_SELECTOR = YES;
				GCC_WARN_UNINITIALIZED_AUTOS = YES_AGGRESSIVE;
				GCC_WARN_UNUSED_FUNCTION = YES;
				GCC_WARN_UNUSED_VARIABLE = YES;
				IPHONEOS_DEPLOYMENT_TARGET = 13.0;
				MTL_ENABLE_DEBUG_INFO = NO;
				MTL_FAST_MATH = YES;
				SDKROOT = iphoneos;
				SWIFT_COMPILATION_MODE = wholemodule;
				SWIFT_OPTIMIZATION_LEVEL = "-O";
				VALIDATE_PRODUCT = YES;
			};
			name = Release;
		};
		E34A47B12344CD5000F2C37B /* Debug */ = {
			isa = XCBuildConfiguration;
			buildSettings = {
				ASSETCATALOG_COMPILER_APPICON_NAME = AppIcon;
				CODE_SIGN_STYLE = Automatic;
				DEVELOPMENT_TEAM = 2KK2MD7LV8;
				INFOPLIST_FILE = Colors/Info.plist;
				LD_RUNPATH_SEARCH_PATHS = (
					"$(inherited)",
					"@executable_path/Frameworks",
				);
				PRODUCT_BUNDLE_IDENTIFIER = edu.missouri.Colors;
				PRODUCT_NAME = "$(TARGET_NAME)";
				SWIFT_VERSION = 5.0;
				TARGETED_DEVICE_FAMILY = "1,2";
			};
			name = Debug;
		};
		E34A47B22344CD5000F2C37B /* Release */ = {
			isa = XCBuildConfiguration;
			buildSettings = {
				ASSETCATALOG_COMPILER_APPICON_NAME = AppIcon;
				CODE_SIGN_STYLE = Automatic;
				DEVELOPMENT_TEAM = 2KK2MD7LV8;
				INFOPLIST_FILE = Colors/Info.plist;
				LD_RUNPATH_SEARCH_PATHS = (
					"$(inherited)",
					"@executable_path/Frameworks",
				);
				PRODUCT_BUNDLE_IDENTIFIER = edu.missouri.Colors;
				PRODUCT_NAME = "$(TARGET_NAME)";
				SWIFT_VERSION = 5.0;
				TARGETED_DEVICE_FAMILY = "1,2";
			};
			name = Release;
		};
		E34A47B42344CD5000F2C37B /* Debug */ = {
			isa = XCBuildConfiguration;
			buildSettings = {
				ALWAYS_EMBED_SWIFT_STANDARD_LIBRARIES = YES;
				CODE_SIGN_STYLE = Automatic;
				DEVELOPMENT_TEAM = 2KK2MD7LV8;
				INFOPLIST_FILE = ColorsUITests/Info.plist;
				LD_RUNPATH_SEARCH_PATHS = (
					"$(inherited)",
					"@executable_path/Frameworks",
					"@loader_path/Frameworks",
				);
				PRODUCT_BUNDLE_IDENTIFIER = edu.missouri.ColorsUITests;
				PRODUCT_NAME = "$(TARGET_NAME)";
				SWIFT_VERSION = 5.0;
				TARGETED_DEVICE_FAMILY = "1,2";
				TEST_TARGET_NAME = Colors;
			};
			name = Debug;
		};
		E34A47B52344CD5000F2C37B /* Release */ = {
			isa = XCBuildConfiguration;
			buildSettings = {
				ALWAYS_EMBED_SWIFT_STANDARD_LIBRARIES = YES;
				CODE_SIGN_STYLE = Automatic;
				DEVELOPMENT_TEAM = 2KK2MD7LV8;
				INFOPLIST_FILE = ColorsUITests/Info.plist;
				LD_RUNPATH_SEARCH_PATHS = (
					"$(inherited)",
					"@executable_path/Frameworks",
					"@loader_path/Frameworks",
				);
				PRODUCT_BUNDLE_IDENTIFIER = edu.missouri.ColorsUITests;
				PRODUCT_NAME = "$(TARGET_NAME)";
				SWIFT_VERSION = 5.0;
				TARGETED_DEVICE_FAMILY = "1,2";
				TEST_TARGET_NAME = Colors;
			};
			name = Release;
		};
/* End XCBuildConfiguration section */

/* Begin XCConfigurationList section */
		E34A47892344CD4F00F2C37B /* Build configuration list for PBXProject "Colors" */ = {
			isa = XCConfigurationList;
			buildConfigurations = (
				E34A47AE2344CD5000F2C37B /* Debug */,
				E34A47AF2344CD5000F2C37B /* Release */,
			);
			defaultConfigurationIsVisible = 0;
			defaultConfigurationName = Release;
		};
		E34A47B02344CD5000F2C37B /* Build configuration list for PBXNativeTarget "Colors" */ = {
			isa = XCConfigurationList;
			buildConfigurations = (
				E34A47B12344CD5000F2C37B /* Debug */,
				E34A47B22344CD5000F2C37B /* Release */,
			);
			defaultConfigurationIsVisible = 0;
			defaultConfigurationName = Release;
		};
		E34A47B32344CD5000F2C37B /* Build configuration list for PBXNativeTarget "ColorsUITests" */ = {
			isa = XCConfigurationList;
			buildConfigurations = (
				E34A47B42344CD5000F2C37B /* Debug */,
				E34A47B52344CD5000F2C37B /* Release */,
			);
			defaultConfigurationIsVisible = 0;
			defaultConfigurationName = Release;
		};
/* End XCConfigurationList section */

/* Begin XCVersionGroup section */
		E34A479A2344CD4F00F2C37B /* Colors.xcdatamodeld */ = {
			isa = XCVersionGroup;
			children = (
				E34A479B2344CD4F00F2C37B /* Colors.xcdatamodel */,
			);
			currentVersion = E34A479B2344CD4F00F2C37B /* Colors.xcdatamodel */;
			path = Colors.xcdatamodeld;
			sourceTree = "<group>";
			versionGroupType = wrapper.xcdatamodel;
		};
/* End XCVersionGroup section */
	};
	rootObject = E34A47862344CD4F00F2C37B /* Project object */;
}
